// !$*UTF8*$!
{
	archiveVersion = 1;
	classes = {
	};
	objectVersion = 56;
	objects = {

/* Begin PBXBuildFile section */
		921440A82B3567E500E8B591 /* DashboardGameApp.swift in Sources */ = {isa = PBXBuildFile; fileRef = 921440A72B3567E500E8B591 /* DashboardGameApp.swift */; };
		921440AA2B3567E500E8B591 /* ContentView.swift in Sources */ = {isa = PBXBuildFile; fileRef = 921440A92B3567E500E8B591 /* ContentView.swift */; };
		921440AC2B3567E600E8B591 /* Assets.xcassets in Resources */ = {isa = PBXBuildFile; fileRef = 921440AB2B3567E600E8B591 /* Assets.xcassets */; };
		921440AF2B3567E600E8B591 /* Preview Assets.xcassets in Resources */ = {isa = PBXBuildFile; fileRef = 921440AE2B3567E600E8B591 /* Preview Assets.xcassets */; };
		921440B92B3567E600E8B591 /* DashboardGameTests.swift in Sources */ = {isa = PBXBuildFile; fileRef = 921440B82B3567E600E8B591 /* DashboardGameTests.swift */; };
		921440C32B3567E600E8B591 /* DashboardGameUITests.swift in Sources */ = {isa = PBXBuildFile; fileRef = 921440C22B3567E600E8B591 /* DashboardGameUITests.swift */; };
		921440C52B3567E600E8B591 /* DashboardGameUITestsLaunchTests.swift in Sources */ = {isa = PBXBuildFile; fileRef = 921440C42B3567E600E8B591 /* DashboardGameUITestsLaunchTests.swift */; };
		922713592B4290C2007D95A4 /* GameCount.swift in Sources */ = {isa = PBXBuildFile; fileRef = 922713582B4290C2007D95A4 /* GameCount.swift */; };
		9244AF7E2B38579B00D437F5 /* FourInRowGame.swift in Sources */ = {isa = PBXBuildFile; fileRef = 9244AF7D2B38579B00D437F5 /* FourInRowGame.swift */; };
		9244AF812B39647700D437F5 /* GameViewModel.swift in Sources */ = {isa = PBXBuildFile; fileRef = 9244AF802B39647700D437F5 /* GameViewModel.swift */; };
		9244AF832B3964ED00D437F5 /* MemoryGameModel.swift in Sources */ = {isa = PBXBuildFile; fileRef = 9244AF822B3964ED00D437F5 /* MemoryGameModel.swift */; };
		9244AF852B39653500D437F5 /* MemoryGameView.swift in Sources */ = {isa = PBXBuildFile; fileRef = 9244AF842B39653500D437F5 /* MemoryGameView.swift */; };
		9244AF872B3965A800D437F5 /* TicTacToeGame.swift in Sources */ = {isa = PBXBuildFile; fileRef = 9244AF862B3965A800D437F5 /* TicTacToeGame.swift */; };
		92A0934B2B38422B00129801 /* Dashboard.swift in Sources */ = {isa = PBXBuildFile; fileRef = 92A0934A2B38422B00129801 /* Dashboard.swift */; };
		92A0934F2B384CA100129801 /* AnandaBlack.ttf in Resources */ = {isa = PBXBuildFile; fileRef = 92A093512B384CA100129801 /* AnandaBlack.ttf */; };
/* End PBXBuildFile section */

/* Begin PBXContainerItemProxy section */
		921440B52B3567E600E8B591 /* PBXContainerItemProxy */ = {
			isa = PBXContainerItemProxy;
			containerPortal = 9214409C2B3567E500E8B591 /* Project object */;
			proxyType = 1;
			remoteGlobalIDString = 921440A32B3567E500E8B591;
			remoteInfo = DashboardGame;
		};
		921440BF2B3567E600E8B591 /* PBXContainerItemProxy */ = {
			isa = PBXContainerItemProxy;
			containerPortal = 9214409C2B3567E500E8B591 /* Project object */;
			proxyType = 1;
			remoteGlobalIDString = 921440A32B3567E500E8B591;
			remoteInfo = DashboardGame;
		};
/* End PBXContainerItemProxy section */

/* Begin PBXFileReference section */
		921440A42B3567E500E8B591 /* DashboardGame.app */ = {isa = PBXFileReference; explicitFileType = wrapper.application; includeInIndex = 0; path = DashboardGame.app; sourceTree = BUILT_PRODUCTS_DIR; };
		921440A72B3567E500E8B591 /* DashboardGameApp.swift */ = {isa = PBXFileReference; lastKnownFileType = sourcecode.swift; path = DashboardGameApp.swift; sourceTree = "<group>"; };
		921440A92B3567E500E8B591 /* ContentView.swift */ = {isa = PBXFileReference; lastKnownFileType = sourcecode.swift; path = ContentView.swift; sourceTree = "<group>"; };
		921440AB2B3567E600E8B591 /* Assets.xcassets */ = {isa = PBXFileReference; lastKnownFileType = folder.assetcatalog; path = Assets.xcassets; sourceTree = "<group>"; };
		921440AE2B3567E600E8B591 /* Preview Assets.xcassets */ = {isa = PBXFileReference; lastKnownFileType = folder.assetcatalog; path = "Preview Assets.xcassets"; sourceTree = "<group>"; };
		921440B42B3567E600E8B591 /* DashboardGameTests.xctest */ = {isa = PBXFileReference; explicitFileType = wrapper.cfbundle; includeInIndex = 0; path = DashboardGameTests.xctest; sourceTree = BUILT_PRODUCTS_DIR; };
		921440B82B3567E600E8B591 /* DashboardGameTests.swift */ = {isa = PBXFileReference; lastKnownFileType = sourcecode.swift; path = DashboardGameTests.swift; sourceTree = "<group>"; };
		921440BE2B3567E600E8B591 /* DashboardGameUITests.xctest */ = {isa = PBXFileReference; explicitFileType = wrapper.cfbundle; includeInIndex = 0; path = DashboardGameUITests.xctest; sourceTree = BUILT_PRODUCTS_DIR; };
		921440C22B3567E600E8B591 /* DashboardGameUITests.swift */ = {isa = PBXFileReference; lastKnownFileType = sourcecode.swift; path = DashboardGameUITests.swift; sourceTree = "<group>"; };
		921440C42B3567E600E8B591 /* DashboardGameUITestsLaunchTests.swift */ = {isa = PBXFileReference; lastKnownFileType = sourcecode.swift; path = DashboardGameUITestsLaunchTests.swift; sourceTree = "<group>"; };
		922713582B4290C2007D95A4 /* GameCount.swift */ = {isa = PBXFileReference; lastKnownFileType = sourcecode.swift; path = GameCount.swift; sourceTree = "<group>"; };
		9244AF7D2B38579B00D437F5 /* FourInRowGame.swift */ = {isa = PBXFileReference; lastKnownFileType = sourcecode.swift; path = FourInRowGame.swift; sourceTree = "<group>"; };
		9244AF802B39647700D437F5 /* GameViewModel.swift */ = {isa = PBXFileReference; lastKnownFileType = sourcecode.swift; path = GameViewModel.swift; sourceTree = "<group>"; };
		9244AF822B3964ED00D437F5 /* MemoryGameModel.swift */ = {isa = PBXFileReference; lastKnownFileType = sourcecode.swift; path = MemoryGameModel.swift; sourceTree = "<group>"; };
		9244AF842B39653500D437F5 /* MemoryGameView.swift */ = {isa = PBXFileReference; lastKnownFileType = sourcecode.swift; path = MemoryGameView.swift; sourceTree = "<group>"; };
		9244AF862B3965A800D437F5 /* TicTacToeGame.swift */ = {isa = PBXFileReference; lastKnownFileType = sourcecode.swift; path = TicTacToeGame.swift; sourceTree = "<group>"; };
		92A0934A2B38422B00129801 /* Dashboard.swift */ = {isa = PBXFileReference; lastKnownFileType = sourcecode.swift; path = Dashboard.swift; sourceTree = "<group>"; };
		92A093502B384CA100129801 /* Base */ = {isa = PBXFileReference; lastKnownFileType = file; name = Base; path = Base.lproj/AnandaBlack.ttf; sourceTree = "<group>"; };
		92A093522B384CAB00129801 /* en */ = {isa = PBXFileReference; lastKnownFileType = file; name = en; path = en.lproj/AnandaBlack.ttf; sourceTree = "<group>"; };
/* End PBXFileReference section */

/* Begin PBXFrameworksBuildPhase section */
		921440A12B3567E500E8B591 /* Frameworks */ = {
			isa = PBXFrameworksBuildPhase;
			buildActionMask = 2147483647;
			files = (
			);
			runOnlyForDeploymentPostprocessing = 0;
		};
		921440B12B3567E600E8B591 /* Frameworks */ = {
			isa = PBXFrameworksBuildPhase;
			buildActionMask = 2147483647;
			files = (
			);
			runOnlyForDeploymentPostprocessing = 0;
		};
		921440BB2B3567E600E8B591 /* Frameworks */ = {
			isa = PBXFrameworksBuildPhase;
			buildActionMask = 2147483647;
			files = (
			);
			runOnlyForDeploymentPostprocessing = 0;
		};
/* End PBXFrameworksBuildPhase section */

/* Begin PBXGroup section */
		9214409B2B3567E500E8B591 = {
			isa = PBXGroup;
			children = (
				921440A62B3567E500E8B591 /* DashboardGame */,
				921440B72B3567E600E8B591 /* DashboardGameTests */,
				921440C12B3567E600E8B591 /* DashboardGameUITests */,
				921440A52B3567E500E8B591 /* Products */,
			);
			sourceTree = "<group>";
		};
		921440A52B3567E500E8B591 /* Products */ = {
			isa = PBXGroup;
			children = (
				921440A42B3567E500E8B591 /* DashboardGame.app */,
				921440B42B3567E600E8B591 /* DashboardGameTests.xctest */,
				921440BE2B3567E600E8B591 /* DashboardGameUITests.xctest */,
			);
			name = Products;
			sourceTree = "<group>";
		};
		921440A62B3567E500E8B591 /* DashboardGame */ = {
			isa = PBXGroup;
			children = (
				922713572B4290A1007D95A4 /* GameSystem */,
				9244AF7F2B39644C00D437F5 /* MemorizeGame */,
				92A0934C2B384BC800129801 /* Font */,
				92A093472B38045F00129801 /* Screens */,
				921440A72B3567E500E8B591 /* DashboardGameApp.swift */,
				921440A92B3567E500E8B591 /* ContentView.swift */,
				921440AB2B3567E600E8B591 /* Assets.xcassets */,
				921440AD2B3567E600E8B591 /* Preview Content */,
			);
			path = DashboardGame;
			sourceTree = "<group>";
		};
		921440AD2B3567E600E8B591 /* Preview Content */ = {
			isa = PBXGroup;
			children = (
				921440AE2B3567E600E8B591 /* Preview Assets.xcassets */,
			);
			path = "Preview Content";
			sourceTree = "<group>";
		};
		921440B72B3567E600E8B591 /* DashboardGameTests */ = {
			isa = PBXGroup;
			children = (
				921440B82B3567E600E8B591 /* DashboardGameTests.swift */,
			);
			path = DashboardGameTests;
			sourceTree = "<group>";
		};
		921440C12B3567E600E8B591 /* DashboardGameUITests */ = {
			isa = PBXGroup;
			children = (
				921440C22B3567E600E8B591 /* DashboardGameUITests.swift */,
				921440C42B3567E600E8B591 /* DashboardGameUITestsLaunchTests.swift */,
			);
			path = DashboardGameUITests;
			sourceTree = "<group>";
		};
		922713572B4290A1007D95A4 /* GameSystem */ = {
			isa = PBXGroup;
			children = (
				922713582B4290C2007D95A4 /* GameCount.swift */,
			);
			path = GameSystem;
			sourceTree = "<group>";
		};
		9244AF7F2B39644C00D437F5 /* MemorizeGame */ = {
			isa = PBXGroup;
			children = (
				9244AF802B39647700D437F5 /* GameViewModel.swift */,
				9244AF822B3964ED00D437F5 /* MemoryGameModel.swift */,
				9244AF842B39653500D437F5 /* MemoryGameView.swift */,
			);
			path = MemorizeGame;
			sourceTree = "<group>";
		};
		92A093472B38045F00129801 /* Screens */ = {
			isa = PBXGroup;
			children = (
				92A0934A2B38422B00129801 /* Dashboard.swift */,
				9244AF7D2B38579B00D437F5 /* FourInRowGame.swift */,
				9244AF862B3965A800D437F5 /* TicTacToeGame.swift */,
			);
			path = Screens;
			sourceTree = "<group>";
		};
		92A0934C2B384BC800129801 /* Font */ = {
			isa = PBXGroup;
			children = (
				92A093512B384CA100129801 /* AnandaBlack.ttf */,
			);
			path = Font;
			sourceTree = "<group>";
		};
/* End PBXGroup section */

/* Begin PBXNativeTarget section */
		921440A32B3567E500E8B591 /* DashboardGame */ = {
			isa = PBXNativeTarget;
			buildConfigurationList = 921440C82B3567E600E8B591 /* Build configuration list for PBXNativeTarget "DashboardGame" */;
			buildPhases = (
				921440A02B3567E500E8B591 /* Sources */,
				921440A12B3567E500E8B591 /* Frameworks */,
				921440A22B3567E500E8B591 /* Resources */,
			);
			buildRules = (
			);
			dependencies = (
			);
			name = DashboardGame;
			productName = DashboardGame;
			productReference = 921440A42B3567E500E8B591 /* DashboardGame.app */;
			productType = "com.apple.product-type.application";
		};
		921440B32B3567E600E8B591 /* DashboardGameTests */ = {
			isa = PBXNativeTarget;
			buildConfigurationList = 921440CB2B3567E600E8B591 /* Build configuration list for PBXNativeTarget "DashboardGameTests" */;
			buildPhases = (
				921440B02B3567E600E8B591 /* Sources */,
				921440B12B3567E600E8B591 /* Frameworks */,
				921440B22B3567E600E8B591 /* Resources */,
			);
			buildRules = (
			);
			dependencies = (
				921440B62B3567E600E8B591 /* PBXTargetDependency */,
			);
			name = DashboardGameTests;
			productName = DashboardGameTests;
			productReference = 921440B42B3567E600E8B591 /* DashboardGameTests.xctest */;
			productType = "com.apple.product-type.bundle.unit-test";
		};
		921440BD2B3567E600E8B591 /* DashboardGameUITests */ = {
			isa = PBXNativeTarget;
			buildConfigurationList = 921440CE2B3567E600E8B591 /* Build configuration list for PBXNativeTarget "DashboardGameUITests" */;
			buildPhases = (
				921440BA2B3567E600E8B591 /* Sources */,
				921440BB2B3567E600E8B591 /* Frameworks */,
				921440BC2B3567E600E8B591 /* Resources */,
			);
			buildRules = (
			);
			dependencies = (
				921440C02B3567E600E8B591 /* PBXTargetDependency */,
			);
			name = DashboardGameUITests;
			productName = DashboardGameUITests;
			productReference = 921440BE2B3567E600E8B591 /* DashboardGameUITests.xctest */;
			productType = "com.apple.product-type.bundle.ui-testing";
		};
/* End PBXNativeTarget section */

/* Begin PBXProject section */
		9214409C2B3567E500E8B591 /* Project object */ = {
			isa = PBXProject;
			attributes = {
				BuildIndependentTargetsInParallel = 1;
				LastSwiftUpdateCheck = 1420;
				LastUpgradeCheck = 1510;
				TargetAttributes = {
					921440A32B3567E500E8B591 = {
						CreatedOnToolsVersion = 14.2;
					};
					921440B32B3567E600E8B591 = {
						CreatedOnToolsVersion = 14.2;
						TestTargetID = 921440A32B3567E500E8B591;
					};
					921440BD2B3567E600E8B591 = {
						CreatedOnToolsVersion = 14.2;
						TestTargetID = 921440A32B3567E500E8B591;
					};
				};
			};
			buildConfigurationList = 9214409F2B3567E500E8B591 /* Build configuration list for PBXProject "DashboardGame" */;
			compatibilityVersion = "Xcode 14.0";
			developmentRegion = en;
			hasScannedForEncodings = 0;
			knownRegions = (
				en,
				Base,
			);
			mainGroup = 9214409B2B3567E500E8B591;
			productRefGroup = 921440A52B3567E500E8B591 /* Products */;
			projectDirPath = "";
			projectRoot = "";
			targets = (
				921440A32B3567E500E8B591 /* DashboardGame */,
				921440B32B3567E600E8B591 /* DashboardGameTests */,
				921440BD2B3567E600E8B591 /* DashboardGameUITests */,
			);
		};
/* End PBXProject section */

/* Begin PBXResourcesBuildPhase section */
		921440A22B3567E500E8B591 /* Resources */ = {
			isa = PBXResourcesBuildPhase;
			buildActionMask = 2147483647;
			files = (
				92A0934F2B384CA100129801 /* AnandaBlack.ttf in Resources */,
				921440AF2B3567E600E8B591 /* Preview Assets.xcassets in Resources */,
				921440AC2B3567E600E8B591 /* Assets.xcassets in Resources */,
			);
			runOnlyForDeploymentPostprocessing = 0;
		};
		921440B22B3567E600E8B591 /* Resources */ = {
			isa = PBXResourcesBuildPhase;
			buildActionMask = 2147483647;
			files = (
			);
			runOnlyForDeploymentPostprocessing = 0;
		};
		921440BC2B3567E600E8B591 /* Resources */ = {
			isa = PBXResourcesBuildPhase;
			buildActionMask = 2147483647;
			files = (
			);
			runOnlyForDeploymentPostprocessing = 0;
		};
/* End PBXResourcesBuildPhase section */

/* Begin PBXSourcesBuildPhase section */
		921440A02B3567E500E8B591 /* Sources */ = {
			isa = PBXSourcesBuildPhase;
			buildActionMask = 2147483647;
			files = (
				921440AA2B3567E500E8B591 /* ContentView.swift in Sources */,
				922713592B4290C2007D95A4 /* GameCount.swift in Sources */,
				921440A82B3567E500E8B591 /* DashboardGameApp.swift in Sources */,
				92A0934B2B38422B00129801 /* Dashboard.swift in Sources */,
				9244AF832B3964ED00D437F5 /* MemoryGameModel.swift in Sources */,
				9244AF7E2B38579B00D437F5 /* FourInRowGame.swift in Sources */,
				9244AF872B3965A800D437F5 /* TicTacToeGame.swift in Sources */,
				9244AF852B39653500D437F5 /* MemoryGameView.swift in Sources */,
				9244AF812B39647700D437F5 /* GameViewModel.swift in Sources */,
			);
			runOnlyForDeploymentPostprocessing = 0;
		};
		921440B02B3567E600E8B591 /* Sources */ = {
			isa = PBXSourcesBuildPhase;
			buildActionMask = 2147483647;
			files = (
				921440B92B3567E600E8B591 /* DashboardGameTests.swift in Sources */,
			);
			runOnlyForDeploymentPostprocessing = 0;
		};
		921440BA2B3567E600E8B591 /* Sources */ = {
			isa = PBXSourcesBuildPhase;
			buildActionMask = 2147483647;
			files = (
				921440C32B3567E600E8B591 /* DashboardGameUITests.swift in Sources */,
				921440C52B3567E600E8B591 /* DashboardGameUITestsLaunchTests.swift in Sources */,
			);
			runOnlyForDeploymentPostprocessing = 0;
		};
/* End PBXSourcesBuildPhase section */

/* Begin PBXTargetDependency section */
		921440B62B3567E600E8B591 /* PBXTargetDependency */ = {
			isa = PBXTargetDependency;
			target = 921440A32B3567E500E8B591 /* DashboardGame */;
			targetProxy = 921440B52B3567E600E8B591 /* PBXContainerItemProxy */;
		};
		921440C02B3567E600E8B591 /* PBXTargetDependency */ = {
			isa = PBXTargetDependency;
			target = 921440A32B3567E500E8B591 /* DashboardGame */;
			targetProxy = 921440BF2B3567E600E8B591 /* PBXContainerItemProxy */;
		};
/* End PBXTargetDependency section */

/* Begin PBXVariantGroup section */
		92A093512B384CA100129801 /* AnandaBlack.ttf */ = {
			isa = PBXVariantGroup;
			children = (
				92A093502B384CA100129801 /* Base */,
				92A093522B384CAB00129801 /* en */,
			);
			name = AnandaBlack.ttf;
			path = "../../../../../../../Downloads/ananda-black-font";
			sourceTree = "<group>";
		};
/* End PBXVariantGroup section */

/* Begin XCBuildConfiguration section */
		921440C62B3567E600E8B591 /* Debug */ = {
			isa = XCBuildConfiguration;
			buildSettings = {
				ALWAYS_SEARCH_USER_PATHS = NO;
				CLANG_ANALYZER_NONNULL = YES;
				CLANG_ANALYZER_NUMBER_OBJECT_CONVERSION = YES_AGGRESSIVE;
				CLANG_CXX_LANGUAGE_STANDARD = "gnu++20";
				CLANG_ENABLE_MODULES = YES;
				CLANG_ENABLE_OBJC_ARC = YES;
				CLANG_ENABLE_OBJC_WEAK = YES;
				CLANG_WARN_BLOCK_CAPTURE_AUTORELEASING = YES;
				CLANG_WARN_BOOL_CONVERSION = YES;
				CLANG_WARN_COMMA = YES;
				CLANG_WARN_CONSTANT_CONVERSION = YES;
				CLANG_WARN_DEPRECATED_OBJC_IMPLEMENTATIONS = YES;
				CLANG_WARN_DIRECT_OBJC_ISA_USAGE = YES_ERROR;
				CLANG_WARN_DOCUMENTATION_COMMENTS = YES;
				CLANG_WARN_EMPTY_BODY = YES;
				CLANG_WARN_ENUM_CONVERSION = YES;
				CLANG_WARN_INFINITE_RECURSION = YES;
				CLANG_WARN_INT_CONVERSION = YES;
				CLANG_WARN_NON_LITERAL_NULL_CONVERSION = YES;
				CLANG_WARN_OBJC_IMPLICIT_RETAIN_SELF = YES;
				CLANG_WARN_OBJC_LITERAL_CONVERSION = YES;
				CLANG_WARN_OBJC_ROOT_CLASS = YES_ERROR;
				CLANG_WARN_QUOTED_INCLUDE_IN_FRAMEWORK_HEADER = YES;
				CLANG_WARN_RANGE_LOOP_ANALYSIS = YES;
				CLANG_WARN_STRICT_PROTOTYPES = YES;
				CLANG_WARN_SUSPICIOUS_MOVE = YES;
				CLANG_WARN_UNGUARDED_AVAILABILITY = YES_AGGRESSIVE;
				CLANG_WARN_UNREACHABLE_CODE = YES;
				CLANG_WARN__DUPLICATE_METHOD_MATCH = YES;
				COPY_PHASE_STRIP = NO;
				DEBUG_INFORMATION_FORMAT = dwarf;
				ENABLE_STRICT_OBJC_MSGSEND = YES;
				ENABLE_TESTABILITY = YES;
				ENABLE_USER_SCRIPT_SANDBOXING = YES;
				GCC_C_LANGUAGE_STANDARD = gnu11;
				GCC_DYNAMIC_NO_PIC = NO;
				GCC_NO_COMMON_BLOCKS = YES;
				GCC_OPTIMIZATION_LEVEL = 0;
				GCC_PREPROCESSOR_DEFINITIONS = (
					"DEBUG=1",
					"$(inherited)",
				);
				GCC_WARN_64_TO_32_BIT_CONVERSION = YES;
				GCC_WARN_ABOUT_RETURN_TYPE = YES_ERROR;
				GCC_WARN_UNDECLARED_SELECTOR = YES;
				GCC_WARN_UNINITIALIZED_AUTOS = YES_AGGRESSIVE;
				GCC_WARN_UNUSED_FUNCTION = YES;
				GCC_WARN_UNUSED_VARIABLE = YES;
				IPHONEOS_DEPLOYMENT_TARGET = 16.2;
				MTL_ENABLE_DEBUG_INFO = INCLUDE_SOURCE;
				MTL_FAST_MATH = YES;
				ONLY_ACTIVE_ARCH = YES;
				SDKROOT = iphoneos;
				SWIFT_ACTIVE_COMPILATION_CONDITIONS = DEBUG;
				SWIFT_OPTIMIZATION_LEVEL = "-Onone";
			};
			name = Debug;
		};
		921440C72B3567E600E8B591 /* Release */ = {
			isa = XCBuildConfiguration;
			buildSettings = {
				ALWAYS_SEARCH_USER_PATHS = NO;
				CLANG_ANALYZER_NONNULL = YES;
				CLANG_ANALYZER_NUMBER_OBJECT_CONVERSION = YES_AGGRESSIVE;
				CLANG_CXX_LANGUAGE_STANDARD = "gnu++20";
				CLANG_ENABLE_MODULES = YES;
				CLANG_ENABLE_OBJC_ARC = YES;
				CLANG_ENABLE_OBJC_WEAK = YES;
				CLANG_WARN_BLOCK_CAPTURE_AUTORELEASING = YES;
				CLANG_WARN_BOOL_CONVERSION = YES;
				CLANG_WARN_COMMA = YES;
				CLANG_WARN_CONSTANT_CONVERSION = YES;
				CLANG_WARN_DEPRECATED_OBJC_IMPLEMENTATIONS = YES;
				CLANG_WARN_DIRECT_OBJC_ISA_USAGE = YES_ERROR;
				CLANG_WARN_DOCUMENTATION_COMMENTS = YES;
				CLANG_WARN_EMPTY_BODY = YES;
				CLANG_WARN_ENUM_CONVERSION = YES;
				CLANG_WARN_INFINITE_RECURSION = YES;
				CLANG_WARN_INT_CONVERSION = YES;
				CLANG_WARN_NON_LITERAL_NULL_CONVERSION = YES;
				CLANG_WARN_OBJC_IMPLICIT_RETAIN_SELF = YES;
				CLANG_WARN_OBJC_LITERAL_CONVERSION = YES;
				CLANG_WARN_OBJC_ROOT_CLASS = YES_ERROR;
				CLANG_WARN_QUOTED_INCLUDE_IN_FRAMEWORK_HEADER = YES;
				CLANG_WARN_RANGE_LOOP_ANALYSIS = YES;
				CLANG_WARN_STRICT_PROTOTYPES = YES;
				CLANG_WARN_SUSPICIOUS_MOVE = YES;
				CLANG_WARN_UNGUARDED_AVAILABILITY = YES_AGGRESSIVE;
				CLANG_WARN_UNREACHABLE_CODE = YES;
				CLANG_WARN__DUPLICATE_METHOD_MATCH = YES;
				COPY_PHASE_STRIP = NO;
				DEBUG_INFORMATION_FORMAT = "dwarf-with-dsym";
				ENABLE_NS_ASSERTIONS = NO;
				ENABLE_STRICT_OBJC_MSGSEND = YES;
				ENABLE_USER_SCRIPT_SANDBOXING = YES;
				GCC_C_LANGUAGE_STANDARD = gnu11;
				GCC_NO_COMMON_BLOCKS = YES;
				GCC_WARN_64_TO_32_BIT_CONVERSION = YES;
				GCC_WARN_ABOUT_RETURN_TYPE = YES_ERROR;
				GCC_WARN_UNDECLARED_SELECTOR = YES;
				GCC_WARN_UNINITIALIZED_AUTOS = YES_AGGRESSIVE;
				GCC_WARN_UNUSED_FUNCTION = YES;
				GCC_WARN_UNUSED_VARIABLE = YES;
				IPHONEOS_DEPLOYMENT_TARGET = 16.2;
				MTL_ENABLE_DEBUG_INFO = NO;
				MTL_FAST_MATH = YES;
				SDKROOT = iphoneos;
				SWIFT_COMPILATION_MODE = wholemodule;
				SWIFT_OPTIMIZATION_LEVEL = "-O";
				VALIDATE_PRODUCT = YES;
			};
			name = Release;
		};
		921440C92B3567E600E8B591 /* Debug */ = {
			isa = XCBuildConfiguration;
			buildSettings = {
				ASSETCATALOG_COMPILER_APPICON_NAME = AppIcon;
				ASSETCATALOG_COMPILER_GLOBAL_ACCENT_COLOR_NAME = AccentColor;
				CODE_SIGN_STYLE = Automatic;
				CURRENT_PROJECT_VERSION = 1;
				DEVELOPMENT_ASSET_PATHS = "\"DashboardGame/Preview Content\"";
				ENABLE_PREVIEWS = YES;
				GENERATE_INFOPLIST_FILE = YES;
				INFOPLIST_KEY_UIApplicationSceneManifest_Generation = YES;
				INFOPLIST_KEY_UIApplicationSupportsIndirectInputEvents = YES;
				INFOPLIST_KEY_UILaunchScreen_Generation = YES;
				INFOPLIST_KEY_UISupportedInterfaceOrientations_iPad = "UIInterfaceOrientationPortrait UIInterfaceOrientationPortraitUpsideDown UIInterfaceOrientationLandscapeLeft UIInterfaceOrientationLandscapeRight";
				INFOPLIST_KEY_UISupportedInterfaceOrientations_iPhone = "UIInterfaceOrientationPortrait UIInterfaceOrientationLandscapeLeft UIInterfaceOrientationLandscapeRight";
				LD_RUNPATH_SEARCH_PATHS = (
					"$(inherited)",
					"@executable_path/Frameworks",
				);
				MARKETING_VERSION = 1.0;
				PRODUCT_BUNDLE_IDENTIFIER = th.ac.tu.engr.peerapat.DashboardGame;
				PRODUCT_NAME = "$(TARGET_NAME)";
				SWIFT_EMIT_LOC_STRINGS = YES;
				SWIFT_VERSION = 5.0;
				TARGETED_DEVICE_FAMILY = "1,2";
			};
			name = Debug;
		};
		921440CA2B3567E600E8B591 /* Release */ = {
			isa = XCBuildConfiguration;
			buildSettings = {
				ASSETCATALOG_COMPILER_APPICON_NAME = AppIcon;
				ASSETCATALOG_COMPILER_GLOBAL_ACCENT_COLOR_NAME = AccentColor;
				CODE_SIGN_STYLE = Automatic;
				CURRENT_PROJECT_VERSION = 1;
				DEVELOPMENT_ASSET_PATHS = "\"DashboardGame/Preview Content\"";
				ENABLE_PREVIEWS = YES;
				GENERATE_INFOPLIST_FILE = YES;
				INFOPLIST_KEY_UIApplicationSceneManifest_Generation = YES;
				INFOPLIST_KEY_UIApplicationSupportsIndirectInputEvents = YES;
				INFOPLIST_KEY_UILaunchScreen_Generation = YES;
				INFOPLIST_KEY_UISupportedInterfaceOrientations_iPad = "UIInterfaceOrientationPortrait UIInterfaceOrientationPortraitUpsideDown UIInterfaceOrientationLandscapeLeft UIInterfaceOrientationLandscapeRight";
				INFOPLIST_KEY_UISupportedInterfaceOrientations_iPhone = "UIInterfaceOrientationPortrait UIInterfaceOrientationLandscapeLeft UIInterfaceOrientationLandscapeRight";
				LD_RUNPATH_SEARCH_PATHS = (
					"$(inherited)",
					"@executable_path/Frameworks",
				);
				MARKETING_VERSION = 1.0;
				PRODUCT_BUNDLE_IDENTIFIER = th.ac.tu.engr.peerapat.DashboardGame;
				PRODUCT_NAME = "$(TARGET_NAME)";
				SWIFT_EMIT_LOC_STRINGS = YES;
				SWIFT_VERSION = 5.0;
				TARGETED_DEVICE_FAMILY = "1,2";
			};
			name = Release;
		};
		921440CC2B3567E600E8B591 /* Debug */ = {
			isa = XCBuildConfiguration;
			buildSettings = {
				ALWAYS_EMBED_SWIFT_STANDARD_LIBRARIES = YES;
				BUNDLE_LOADER = "$(TEST_HOST)";
				CODE_SIGN_STYLE = Automatic;
				CURRENT_PROJECT_VERSION = 1;
				GENERATE_INFOPLIST_FILE = YES;
				IPHONEOS_DEPLOYMENT_TARGET = 16.2;
				MARKETING_VERSION = 1.0;
				PRODUCT_BUNDLE_IDENTIFIER = th.ac.tu.engr.peerapat.DashboardGameTests;
				PRODUCT_NAME = "$(TARGET_NAME)";
				SWIFT_EMIT_LOC_STRINGS = NO;
				SWIFT_VERSION = 5.0;
				TARGETED_DEVICE_FAMILY = "1,2";
				TEST_HOST = "$(BUILT_PRODUCTS_DIR)/DashboardGame.app/$(BUNDLE_EXECUTABLE_FOLDER_PATH)/DashboardGame";
			};
			name = Debug;
		};
		921440CD2B3567E600E8B591 /* Release */ = {
			isa = XCBuildConfiguration;
			buildSettings = {
				ALWAYS_EMBED_SWIFT_STANDARD_LIBRARIES = YES;
				BUNDLE_LOADER = "$(TEST_HOST)";
				CODE_SIGN_STYLE = Automatic;
				CURRENT_PROJECT_VERSION = 1;
				GENERATE_INFOPLIST_FILE = YES;
				IPHONEOS_DEPLOYMENT_TARGET = 16.2;
				MARKETING_VERSION = 1.0;
				PRODUCT_BUNDLE_IDENTIFIER = th.ac.tu.engr.peerapat.DashboardGameTests;
				PRODUCT_NAME = "$(TARGET_NAME)";
				SWIFT_EMIT_LOC_STRINGS = NO;
				SWIFT_VERSION = 5.0;
				TARGETED_DEVICE_FAMILY = "1,2";
				TEST_HOST = "$(BUILT_PRODUCTS_DIR)/DashboardGame.app/$(BUNDLE_EXECUTABLE_FOLDER_PATH)/DashboardGame";
			};
			name = Release;
		};
		921440CF2B3567E600E8B591 /* Debug */ = {
			isa = XCBuildConfiguration;
			buildSettings = {
				ALWAYS_EMBED_SWIFT_STANDARD_LIBRARIES = YES;
				CODE_SIGN_STYLE = Automatic;
				CURRENT_PROJECT_VERSION = 1;
				GENERATE_INFOPLIST_FILE = YES;
				MARKETING_VERSION = 1.0;
				PRODUCT_BUNDLE_IDENTIFIER = th.ac.tu.engr.peerapat.DashboardGameUITests;
				PRODUCT_NAME = "$(TARGET_NAME)";
				SWIFT_EMIT_LOC_STRINGS = NO;
				SWIFT_VERSION = 5.0;
				TARGETED_DEVICE_FAMILY = "1,2";
				TEST_TARGET_NAME = DashboardGame;
			};
			name = Debug;
		};
		921440D02B3567E600E8B591 /* Release */ = {
			isa = XCBuildConfiguration;
			buildSettings = {
				ALWAYS_EMBED_SWIFT_STANDARD_LIBRARIES = YES;
				CODE_SIGN_STYLE = Automatic;
				CURRENT_PROJECT_VERSION = 1;
				GENERATE_INFOPLIST_FILE = YES;
				MARKETING_VERSION = 1.0;
				PRODUCT_BUNDLE_IDENTIFIER = th.ac.tu.engr.peerapat.DashboardGameUITests;
				PRODUCT_NAME = "$(TARGET_NAME)";
				SWIFT_EMIT_LOC_STRINGS = NO;
				SWIFT_VERSION = 5.0;
				TARGETED_DEVICE_FAMILY = "1,2";
				TEST_TARGET_NAME = DashboardGame;
			};
			name = Release;
		};
/* End XCBuildConfiguration section */

/* Begin XCConfigurationList section */
		9214409F2B3567E500E8B591 /* Build configuration list for PBXProject "DashboardGame" */ = {
			isa = XCConfigurationList;
			buildConfigurations = (
				921440C62B3567E600E8B591 /* Debug */,
				921440C72B3567E600E8B591 /* Release */,
			);
			defaultConfigurationIsVisible = 0;
			defaultConfigurationName = Release;
		};
		921440C82B3567E600E8B591 /* Build configuration list for PBXNativeTarget "DashboardGame" */ = {
			isa = XCConfigurationList;
			buildConfigurations = (
				921440C92B3567E600E8B591 /* Debug */,
				921440CA2B3567E600E8B591 /* Release */,
			);
			defaultConfigurationIsVisible = 0;
			defaultConfigurationName = Release;
		};
		921440CB2B3567E600E8B591 /* Build configuration list for PBXNativeTarget "DashboardGameTests" */ = {
			isa = XCConfigurationList;
			buildConfigurations = (
				921440CC2B3567E600E8B591 /* Debug */,
				921440CD2B3567E600E8B591 /* Release */,
			);
			defaultConfigurationIsVisible = 0;
			defaultConfigurationName = Release;
		};
		921440CE2B3567E600E8B591 /* Build configuration list for PBXNativeTarget "DashboardGameUITests" */ = {
			isa = XCConfigurationList;
			buildConfigurations = (
				921440CF2B3567E600E8B591 /* Debug */,
				921440D02B3567E600E8B591 /* Release */,
			);
			defaultConfigurationIsVisible = 0;
			defaultConfigurationName = Release;
		};
/* End XCConfigurationList section */
	};
	rootObject = 9214409C2B3567E500E8B591 /* Project object */;
}
